<?xml version="1.0" encoding="utf-8"?>
<Project ToolsVersion="4.0" xmlns="http://schemas.microsoft.com/developer/msbuild/2003">
  <ItemGroup>
    <Filter Include="Libraries">
      <UniqueIdentifier>{0259E1F6-6EC3-956D-B701-471323AB73C2}</UniqueIdentifier>
    </Filter>
    <Filter Include="Libraries\glad">
      <UniqueIdentifier>{491DD80E-35EB-CB14-1E7F-3C3B0AECA779}</UniqueIdentifier>
    </Filter>
    <Filter Include="Libraries\glad\src">
      <UniqueIdentifier>{E057E3CC-CC3B-A422-359C-9E75219F8EA4}</UniqueIdentifier>
    </Filter>
    <Filter Include="Libraries\imgui">
      <UniqueIdentifier>{EC9F00EA-582B-6EAE-613C-F1A2CD46CAAE}</UniqueIdentifier>
    </Filter>
    <Filter Include="Libraries\imgui\include">
      <UniqueIdentifier>{5FF37491-CB2A-BD28-D434-214C40EBE321}</UniqueIdentifier>
    </Filter>
    <Filter Include="Libraries\imgui\include\backends">
      <UniqueIdentifier>{69A837E9-55F9-222B-7E5D-11ED6A0DB694}</UniqueIdentifier>
    </Filter>
    <Filter Include="Source">
      <UniqueIdentifier>{56EB95D1-428D-C0A7-2B48-D4FB178947F8}</UniqueIdentifier>
    </Filter>
    <Filter Include="Source\Buffer">
      <UniqueIdentifier>{7F90E128-EB50-5D5F-B48B-A6DC200BA23B}</UniqueIdentifier>
    </Filter>
    <Filter Include="Source\Core">
      <UniqueIdentifier>{6E95150F-DA4A-8E04-633F-88DBCFF38408}</UniqueIdentifier>
    </Filter>
    <Filter Include="Source\OpenGL">
      <UniqueIdentifier>{CAB7D946-3678-557D-FFB2-9EFA6B329A59}</UniqueIdentifier>
    </Filter>
    <Filter Include="Source\Scene">
      <UniqueIdentifier>{F300E3F2-DF63-7297-88E9-AA4D742B3E1A}</UniqueIdentifier>
    </Filter>
  </ItemGroup>
  <ItemGroup>
    <ClInclude Include="Libraries\imgui\include\ImGuiFileDialog.h">
      <Filter>Libraries\imgui\include</Filter>
    </ClInclude>
    <ClInclude Include="Libraries\imgui\include\ImGuiFileDialogConfig.h">
      <Filter>Libraries\imgui\include</Filter>
    </ClInclude>
    <ClInclude Include="Libraries\imgui\include\backends\imgui_impl_glfw.h">
      <Filter>Libraries\imgui\include\backends</Filter>
    </ClInclude>
    <ClInclude Include="Libraries\imgui\include\backends\imgui_impl_opengl3.h">
      <Filter>Libraries\imgui\include\backends</Filter>
    </ClInclude>
    <ClInclude Include="Libraries\imgui\include\backends\imgui_impl_opengl3_loader.h">
      <Filter>Libraries\imgui\include\backends</Filter>
    </ClInclude>
    <ClInclude Include="Libraries\imgui\include\imconfig.h">
      <Filter>Libraries\imgui\include</Filter>
    </ClInclude>
    <ClInclude Include="Libraries\imgui\include\imgui.h">
      <Filter>Libraries\imgui\include</Filter>
    </ClInclude>
    <ClInclude Include="Libraries\imgui\include\imgui_internal.h">
      <Filter>Libraries\imgui\include</Filter>
    </ClInclude>
    <ClInclude Include="Libraries\imgui\include\imstb_rectpack.h">
      <Filter>Libraries\imgui\include</Filter>
    </ClInclude>
    <ClInclude Include="Libraries\imgui\include\imstb_textedit.h">
      <Filter>Libraries\imgui\include</Filter>
    </ClInclude>
    <ClInclude Include="Libraries\imgui\include\imstb_truetype.h">
      <Filter>Libraries\imgui\include</Filter>
    </ClInclude>
    <ClInclude Include="Source\Buffer\OpenGLStorageBuffer.h">
      <Filter>Source\Buffer</Filter>
    </ClInclude>
    <ClInclude Include="Source\Buffer\OpenGLUniformBuffer.h">
      <Filter>Source\Buffer</Filter>
    </ClInclude>
    <ClInclude Include="Source\Buffer\StorageBuffer.h">
      <Filter>Source\Buffer</Filter>
    </ClInclude>
    <ClInclude Include="Source\Buffer\UniformBuffer.h">
      <Filter>Source\Buffer</Filter>
    </ClInclude>
    <ClInclude Include="Source\Core\Base.h">
      <Filter>Source\Core</Filter>
    </ClInclude>
    <ClInclude Include="Source\Core\Event.h">
      <Filter>Source\Core</Filter>
    </ClInclude>
    <ClInclude Include="Source\Core\Filesystem.h">
      <Filter>Source\Core</Filter>
    </ClInclude>
    <ClInclude Include="Source\Core\Window.h">
      <Filter>Source\Core</Filter>
    </ClInclude>
    <ClInclude Include="Source\DrawCommands.h">
      <Filter>Source</Filter>
    </ClInclude>
    <ClInclude Include="Source\GPUData.h">
      <Filter>Source</Filter>
    </ClInclude>
    <ClInclude Include="Source\OpenGL\OpenGLComputeShader.h">
      <Filter>Source\OpenGL</Filter>
    </ClInclude>
    <ClInclude Include="Source\OpenGL\OpenGLContext.h">
      <Filter>Source\OpenGL</Filter>
    </ClInclude>
    <ClInclude Include="Source\OpenGL\OpenGLGraphicsShader.h">
      <Filter>Source\OpenGL</Filter>
    </ClInclude>
    <ClInclude Include="Source\OpenGL\OpenGLRenderDevice.h">
      <Filter>Source\OpenGL</Filter>
    </ClInclude>
    <ClInclude Include="Source\OpenGL\OpenGLRenderer.h">
      <Filter>Source\OpenGL</Filter>
    </ClInclude>
    <ClInclude Include="Source\OpenGL\OpenGLTexture.h">
      <Filter>Source\OpenGL</Filter>
    </ClInclude>
    <ClInclude Include="Source\RenderContext.h">
      <Filter>Source</Filter>
    </ClInclude>
    <ClInclude Include="Source\RenderDevice.h">
      <Filter>Source</Filter>
    </ClInclude>
    <ClInclude Include="Source\Renderer.h">
      <Filter>Source</Filter>
    </ClInclude>
    <ClInclude Include="Source\RendererAPI.h">
      <Filter>Source</Filter>
    </ClInclude>
    <ClInclude Include="Source\RendererSettings.h">
      <Filter>Source</Filter>
    </ClInclude>
    <ClInclude Include="Source\Scene\BVH.h">
      <Filter>Source\Scene</Filter>
    </ClInclude>
    <ClInclude Include="Source\Scene\Camera.h">
      <Filter>Source\Scene</Filter>
    </ClInclude>
    <ClInclude Include="Source\Scene\Entity.h">
      <Filter>Source\Scene</Filter>
    </ClInclude>
    <ClInclude Include="Source\Scene\Light.h">
      <Filter>Source\Scene</Filter>
    </ClInclude>
    <ClInclude Include="Source\Scene\Mesh.h">
      <Filter>Source\Scene</Filter>
    </ClInclude>
    <ClInclude Include="Source\Scene\Scene.h">
      <Filter>Source\Scene</Filter>
    </ClInclude>
    <ClInclude Include="Source\Texture.h">
      <Filter>Source</Filter>
    </ClInclude>
    <ClInclude Include="Source\UIPanel.h">
      <Filter>Source</Filter>
    </ClInclude>
  </ItemGroup>
  <ItemGroup>
    <ClCompile Include="Libraries\glad\src\glad.c">
      <Filter>Libraries\glad\src</Filter>
    </ClCompile>
    <ClCompile Include="Libraries\imgui\include\ImGuiFileDialog.cpp">
      <Filter>Libraries\imgui\include</Filter>
    </ClCompile>
    <ClCompile Include="Libraries\imgui\include\backends\imgui_impl_glfw.cpp">
      <Filter>Libraries\imgui\include\backends</Filter>
    </ClCompile>
    <ClCompile Include="Libraries\imgui\include\backends\imgui_impl_opengl3.cpp">
      <Filter>Libraries\imgui\include\backends</Filter>
    </ClCompile>
    <ClCompile Include="Libraries\imgui\include\imgui.cpp">
      <Filter>Libraries\imgui\include</Filter>
    </ClCompile>
    <ClCompile Include="Libraries\imgui\include\imgui_demo.cpp">
      <Filter>Libraries\imgui\include</Filter>
    </ClCompile>
    <ClCompile Include="Libraries\imgui\include\imgui_draw.cpp">
      <Filter>Libraries\imgui\include</Filter>
    </ClCompile>
    <ClCompile Include="Libraries\imgui\include\imgui_tables.cpp">
      <Filter>Libraries\imgui\include</Filter>
    </ClCompile>
    <ClCompile Include="Libraries\imgui\include\imgui_widgets.cpp">
      <Filter>Libraries\imgui\include</Filter>
    </ClCompile>
    <ClCompile Include="Source\Buffer\OpenGLStorageBuffer.cpp">
      <Filter>Source\Buffer</Filter>
    </ClCompile>
    <ClCompile Include="Source\Buffer\OpenGLUniformBuffer.cpp">
      <Filter>Source\Buffer</Filter>
    </ClCompile>
    <ClCompile Include="Source\Core\Event.cpp">
      <Filter>Source\Core</Filter>
    </ClCompile>
    <ClCompile Include="Source\Core\Window.cpp">
      <Filter>Source\Core</Filter>
    </ClCompile>
    <ClCompile Include="Source\DrawCommands.cpp">
      <Filter>Source</Filter>
    </ClCompile>
    <ClCompile Include="Source\OpenGL\OpenGLComputeShader.cpp">
      <Filter>Source\OpenGL</Filter>
    </ClCompile>
    <ClCompile Include="Source\OpenGL\OpenGLContext.cpp">
      <Filter>Source\OpenGL</Filter>
    </ClCompile>
    <ClCompile Include="Source\OpenGL\OpenGLGraphicsShader.cpp">
      <Filter>Source\OpenGL</Filter>
    </ClCompile>
    <ClCompile Include="Source\OpenGL\OpenGLRenderDevice.cpp">
      <Filter>Source\OpenGL</Filter>
    </ClCompile>
    <ClCompile Include="Source\OpenGL\OpenGLRenderer.cpp">
      <Filter>Source\OpenGL</Filter>
    </ClCompile>
    <ClCompile Include="Source\OpenGL\OpenGLTexture.cpp">
      <Filter>Source\OpenGL</Filter>
    </ClCompile>
    <ClCompile Include="Source\RenderContext.cpp">
      <Filter>Source</Filter>
    </ClCompile>
    <ClCompile Include="Source\Renderer.cpp">
      <Filter>Source</Filter>
    </ClCompile>
    <ClCompile Include="Source\Scene\Camera.cpp">
      <Filter>Source\Scene</Filter>
    </ClCompile>
    <ClCompile Include="Source\Scene\Mesh.cpp">
      <Filter>Source\Scene</Filter>
    </ClCompile>
    <ClCompile Include="Source\Scene\Scene.cpp">
      <Filter>Source\Scene</Filter>
    </ClCompile>
  </ItemGroup>
</Project>